
Microsoft Visual Studio Solution File, Format Version 12.00
# Visual Studio Version 16
VisualStudioVersion = 16.0.30907.101
MinimumVisualStudioVersion = 10.0.40219.1
Project("{FAE04EC0-301F-11D3-BF4B-00C04F79EFBC}") = "Entities", "CampusMindsManagement\Entities.csproj", "{689845D6-5718-4A9C-A4BE-60CD6AA90256}"
EndProject
Project("{FAE04EC0-301F-11D3-BF4B-00C04F79EFBC}") = "CampusMindsDL", "CampusMindsDL\CampusMindsDL.csproj", "{EFB5CF1B-E00B-432F-9491-6BE6FE9B7296}"
EndProject
Project("{FAE04EC0-301F-11D3-BF4B-00C04F79EFBC}") = "CampusMindsBL", "CampusMindsBL\CampusMindsBL.csproj", "{0238D15C-D054-4E68-8A28-FC48F1D218B0}"
EndProject
Project("{FAE04EC0-301F-11D3-BF4B-00C04F79EFBC}") = "CampusMindsPL", "CampusMindsPL\CampusMindsPL.csproj", "{70DA19AD-3668-4381-845F-624E928B6A97}"
EndProject
Project("{FAE04EC0-301F-11D3-BF4B-00C04F79EFBC}") = "Exceptions", "Exceptions\Exceptions.csproj", "{3B47810B-4A36-42BD-BB5E-0D95EFF19FAD}"
EndProject
Global
	GlobalSection(SolutionConfigurationPlatforms) = preSolution
		Debug|Any CPU = Debug|Any CPU
		Release|Any CPU = Release|Any CPU
	EndGlobalSection
	GlobalSection(ProjectConfigurationPlatforms) = postSolution
		{689845D6-5718-4A9C-A4BE-60CD6AA90256}.Debug|Any CPU.ActiveCfg = Debug|Any CPU
		{689845D6-5718-4A9C-A4BE-60CD6AA90256}.Debug|Any CPU.Build.0 = Debug|Any CPU
		{689845D6-5718-4A9C-A4BE-60CD6AA90256}.Release|Any CPU.ActiveCfg = Release|Any CPU
		{689845D6-5718-4A9C-A4BE-60CD6AA90256}.Release|Any CPU.Build.0 = Release|Any CPU
		{EFB5CF1B-E00B-432F-9491-6BE6FE9B7296}.Debug|Any CPU.ActiveCfg = Debug|Any CPU
		{EFB5CF1B-E00B-432F-9491-6BE6FE9B7296}.Debug|Any CPU.Build.0 = Debug|Any CPU
		{EFB5CF1B-E00B-432F-9491-6BE6FE9B7296}.Release|Any CPU.ActiveCfg = Release|Any CPU
		{EFB5CF1B-E00B-432F-9491-6BE6FE9B7296}.Release|Any CPU.Build.0 = Release|Any CPU
		{0238D15C-D054-4E68-8A28-FC48F1D218B0}.Debug|Any CPU.ActiveCfg = Debug|Any CPU
		{0238D15C-D054-4E68-8A28-FC48F1D218B0}.Debug|Any CPU.Build.0 = Debug|Any CPU
		{0238D15C-D054-4E68-8A28-FC48F1D218B0}.Release|Any CPU.ActiveCfg = Release|Any CPU
		{0238D15C-D054-4E68-8A28-FC48F1D218B0}.Release|Any CPU.Build.0 = Release|Any CPU
		{70DA19AD-3668-4381-845F-624E928B6A97}.Debug|Any CPU.ActiveCfg = Debug|Any CPU
		{70DA19AD-3668-4381-845F-624E928B6A97}.Debug|Any CPU.Build.0 = Debug|Any CPU
		{70DA19AD-3668-4381-845F-624E928B6A97}.Release|Any CPU.ActiveCfg = Release|Any CPU
		{70DA19AD-3668-4381-845F-624E928B6A97}.Release|Any CPU.Build.0 = Release|Any CPU
		{3B47810B-4A36-42BD-BB5E-0D95EFF19FAD}.Debug|Any CPU.ActiveCfg = Debug|Any CPU
		{3B47810B-4A36-42BD-BB5E-0D95EFF19FAD}.Debug|Any CPU.Build.0 = Debug|Any CPU
		{3B47810B-4A36-42BD-BB5E-0D95EFF19FAD}.Release|Any CPU.ActiveCfg = Release|Any CPU
		{3B47810B-4A36-42BD-BB5E-0D95EFF19FAD}.Release|Any CPU.Build.0 = Release|Any CPU
	EndGlobalSection
	GlobalSection(SolutionProperties) = preSolution
		HideSolutionNode = FALSE
	EndGlobalSection
	GlobalSection(ExtensibilityGlobals) = postSolution
		SolutionGuid = {AAF1BD73-F914-44E9-82FB-5D03917A443C}
	EndGlobalSection
EndGlobal
